
Microsoft Visual Studio Solution File, Format Version 12.00
# Visual Studio Version 16
VisualStudioVersion = 16.0.31205.134
MinimumVisualStudioVersion = 10.0.40219.1
Project("{2150E333-8FDC-42A3-9474-1A3956D46DE8}") = "UI", "UI", "{0A8D7F83-89D2-4916-986C-9A19BAA3024F}"
EndProject
Project("{2150E333-8FDC-42A3-9474-1A3956D46DE8}") = "DataAccess", "DataAccess", "{971B9346-935C-4B5A-AE89-92AE8A8C6086}"
EndProject
Project("{9A19103F-16F7-4668-BE54-9A1E7A4F7556}") = "DesktopUI", "DesktopUI\DesktopUI.csproj", "{4FCD0EA7-ACE3-4CC4-BE3F-96BDF4E45B72}"
EndProject
Project("{2150E333-8FDC-42A3-9474-1A3956D46DE8}") = "Mdels", "Mdels", "{445F6855-D9C2-47E3-B2A4-D089EB302BA9}"
EndProject
Project("{2150E333-8FDC-42A3-9474-1A3956D46DE8}") = "DataAccess", "DataAccess", "{7971CD8E-C499-41B9-9FFF-E1EF667E027E}"
EndProject
Global
	GlobalSection(SolutionConfigurationPlatforms) = preSolution
		Debug|Any CPU = Debug|Any CPU
		Release|Any CPU = Release|Any CPU
	EndGlobalSection
	GlobalSection(ProjectConfigurationPlatforms) = postSolution
		{4FCD0EA7-ACE3-4CC4-BE3F-96BDF4E45B72}.Debug|Any CPU.ActiveCfg = Debug|Any CPU
		{4FCD0EA7-ACE3-4CC4-BE3F-96BDF4E45B72}.Debug|Any CPU.Build.0 = Debug|Any CPU
		{4FCD0EA7-ACE3-4CC4-BE3F-96BDF4E45B72}.Release|Any CPU.ActiveCfg = Release|Any CPU
		{4FCD0EA7-ACE3-4CC4-BE3F-96BDF4E45B72}.Release|Any CPU.Build.0 = Release|Any CPU
	EndGlobalSection
	GlobalSection(SolutionProperties) = preSolution
		HideSolutionNode = FALSE
	EndGlobalSection
	GlobalSection(NestedProjects) = preSolution
		{4FCD0EA7-ACE3-4CC4-BE3F-96BDF4E45B72} = {0A8D7F83-89D2-4916-986C-9A19BAA3024F}
		{445F6855-D9C2-47E3-B2A4-D089EB302BA9} = {971B9346-935C-4B5A-AE89-92AE8A8C6086}
		{7971CD8E-C499-41B9-9FFF-E1EF667E027E} = {971B9346-935C-4B5A-AE89-92AE8A8C6086}
	EndGlobalSection
	GlobalSection(ExtensibilityGlobals) = postSolution
		SolutionGuid = {60C28754-8E36-455A-9236-EB9A4BE4B078}
	EndGlobalSection
EndGlobal
